# Read-only source consumed by the ISO build adapter.
# The build refuses to continue if the local clone has moved or is dirty.
aero7_shell_path=../aero_desktop
aero7_shell_origin=https://github.com/memegeko/aero7-shell.git
aero7_shell_commit=379854014ab818d8a89232c0c9eb6be1285bd937
aero7_shell_status_sha256=e3b0c44298fc1c149afbf4c8996fb92427ae41e4649b934ca495991b7852b855
aero7_repository_url=https://memegeko.github.io/aero7-repo/$arch
aero7_repository_fingerprint=72C79ABBBBE96446DD3324042694BFE1090F4FD6
plymouth_vista_origin=https://github.com/furkrn/PlymouthVista.git
plymouth_vista_commit=e2b9605a7b4d649bb0e314cce8bbe9912633cfef
aerothemeplasma_origin=https://github.com/aeroshell-desktop/aerothemeplasma.git
aerothemeplasma_commit=6746c83e05b718cda8b28a8e25921b0d73a950f0
smod_origin=https://gitgud.io/aeroshell/smod.git
smod_commit=f3722949cb2fd0d5cb5cb20a7f439b1b4b936ca0
